Microsoft Visual Studio Solution File, Format Version 11.00
# Visual Studio 2008

Project("{3304B5CF-02FA-ED21-DAA8-E1BA758D2C12}") = "Puddle", "Assembly-CSharp.csproj", "{721EBACC-254C-FEAD-558A-0BA90FA5EA2C}"
EndProject
Global
	GlobalSection(SolutionConfigurationPlatforms) = preSolution
		Debug|Any CPU = Debug|Any CPU
		Release|Any CPU = Release|Any CPU
	EndGlobalSection
	GlobalSection(ProjectConfigurationPlatforms) = postSolution
		{721EBACC-254C-FEAD-558A-0BA90FA5EA2C}.Debug|Any CPU.ActiveCfg = Debug|Any CPU
		{721EBACC-254C-FEAD-558A-0BA90FA5EA2C}.Debug|Any CPU.Build.0 = Debug|Any CPU
		{721EBACC-254C-FEAD-558A-0BA90FA5EA2C}.Release|Any CPU.ActiveCfg = Release|Any CPU
		{721EBACC-254C-FEAD-558A-0BA90FA5EA2C}.Release|Any CPU.Build.0 = Release|Any CPU
	EndGlobalSection
	GlobalSection(SolutionProperties) = preSolution
		HideSolutionNode = FALSE
	EndGlobalSection
	GlobalSection(MonoDevelopProperties) = preSolution
		StartupItem = Assembly-CSharp.csproj
	EndGlobalSection
EndGlobal
